<?xml version="1.0" encoding="utf-8"?>
<Project ToolsVersion="4.0" xmlns="http://schemas.microsoft.com/developer/msbuild/2003">
  <ItemGroup>
    <Filter Include="source">
      <UniqueIdentifier>{322fc7cb-2407-4aff-84b9-caa9e95e1c14}</UniqueIdentifier>
    </Filter>
    <Filter Include="source\src">
      <UniqueIdentifier>{ba7fb3af-b56e-46e9-8af3-ca01f65c8d06}</UniqueIdentifier>
    </Filter>
    <Filter Include="resource">
      <UniqueIdentifier>{b8ab56b3-99c0-4008-9221-f966e830485d}</UniqueIdentifier>
    </Filter>
    <Filter Include="source\src\TinyLibrary">
      <UniqueIdentifier>{f469b7f4-1480-43c0-889c-c3d2a4ce4059}</UniqueIdentifier>
    </Filter>
    <Filter Include="source\src\TinyLibrary\Windows">
      <UniqueIdentifier>{bd28829c-3249-48d7-92b5-c5487d96a2d3}</UniqueIdentifier>
    </Filter>
  </ItemGroup>
  <ItemGroup>
    <Image Include="icon.ico">
      <Filter>resource</Filter>
    </Image>
  </ItemGroup>
  <ItemGroup>
    <ClInclude Include="..\Config.h">
      <Filter>source</Filter>
    </ClInclude>
    <ClInclude Include="..\src\TinyLibrary\AdpcmDecorder.hpp">
      <Filter>source\src\TinyLibrary</Filter>
    </ClInclude>
    <ClInclude Include="..\src\TinyLibrary\Dependent.hpp">
      <Filter>source\src\TinyLibrary</Filter>
    </ClInclude>
    <ClInclude Include="..\src\TinyLibrary\Font4x6.h">
      <Filter>source\src\TinyLibrary</Filter>
    </ClInclude>
    <ClInclude Include="..\src\TinyLibrary\Font4x6_65536.h">
      <Filter>source\src\TinyLibrary</Filter>
    </ClInclude>
    <ClInclude Include="..\src\TinyLibrary\Font6x8.h">
      <Filter>source\src\TinyLibrary</Filter>
    </ClInclude>
    <ClInclude Include="..\src\TinyLibrary\Font6x8_65536.h">
      <Filter>source\src\TinyLibrary</Filter>
    </ClInclude>
    <ClInclude Include="..\src\TinyLibrary\Mathmatics.hpp">
      <Filter>source\src\TinyLibrary</Filter>
    </ClInclude>
    <ClInclude Include="..\src\TinyLibrary\SoundMixer.hpp">
      <Filter>source\src\TinyLibrary</Filter>
    </ClInclude>
    <ClInclude Include="..\src\TinyLibrary\SoundPlayer.hpp">
      <Filter>source\src\TinyLibrary</Filter>
    </ClInclude>
    <ClInclude Include="..\src\TinyLibrary\TinyLibrary.hpp">
      <Filter>source\src\TinyLibrary</Filter>
    </ClInclude>
    <ClInclude Include="..\src\TinyLibrary\Windows\Controller.hpp">
      <Filter>source\src\TinyLibrary\Windows</Filter>
    </ClInclude>
    <ClInclude Include="..\src\TinyLibrary\Windows\resource.h">
      <Filter>source\src\TinyLibrary\Windows</Filter>
    </ClInclude>
    <ClInclude Include="..\src\TinyLibrary\Windows\Screen.hpp">
      <Filter>source\src\TinyLibrary\Windows</Filter>
    </ClInclude>
    <ClInclude Include="..\src\TinyLibrary\Windows\SoundStream.hpp">
      <Filter>source\src\TinyLibrary\Windows</Filter>
    </ClInclude>
    <ClInclude Include="..\src\TinyLibrary\Windows\TinyFile.hpp">
      <Filter>source\src\TinyLibrary\Windows</Filter>
    </ClInclude>
    <ClInclude Include="..\src\TinyLibrary\Windows\WinMain.hpp">
      <Filter>source\src\TinyLibrary\Windows</Filter>
    </ClInclude>
    <ClInclude Include="..\src\Button.h">
      <Filter>source\src</Filter>
    </ClInclude>
    <ClInclude Include="..\src\Cerulean.hpp">
      <Filter>source\src</Filter>
    </ClInclude>
    <ClInclude Include="..\src\Character.h">
      <Filter>source\src</Filter>
    </ClInclude>
    <ClInclude Include="..\src\Cursor.h">
      <Filter>source\src</Filter>
    </ClInclude>
    <ClInclude Include="..\src\DaimonLogo.h">
      <Filter>source\src</Filter>
    </ClInclude>
    <ClInclude Include="..\src\Decision.h">
      <Filter>source\src</Filter>
    </ClInclude>
    <ClInclude Include="..\src\DustEffect.h">
      <Filter>source\src</Filter>
    </ClInclude>
    <ClInclude Include="..\src\Ending.hpp">
      <Filter>source\src</Filter>
    </ClInclude>
    <ClInclude Include="..\src\EndingBG.h">
      <Filter>source\src</Filter>
    </ClInclude>
    <ClInclude Include="..\src\EndingCongratulations.h">
      <Filter>source\src</Filter>
    </ClInclude>
    <ClInclude Include="..\src\EndingMessage.h">
      <Filter>source\src</Filter>
    </ClInclude>
    <ClInclude Include="..\src\EndingMessage_jp.h">
      <Filter>source\src</Filter>
    </ClInclude>
    <ClInclude Include="..\src\Enemy.h">
      <Filter>source\src</Filter>
    </ClInclude>
    <ClInclude Include="..\src\Enemy.hpp">
      <Filter>source\src</Filter>
    </ClInclude>
    <ClInclude Include="..\src\FloorMap.hpp">
      <Filter>source\src</Filter>
    </ClInclude>
    <ClInclude Include="..\src\Game.hpp">
      <Filter>source\src</Filter>
    </ClInclude>
    <ClInclude Include="..\src\GameData.hpp">
      <Filter>source\src</Filter>
    </ClInclude>
    <ClInclude Include="..\src\Global.hpp">
      <Filter>source\src</Filter>
    </ClInclude>
    <ClInclude Include="..\src\hmix3.h">
      <Filter>source\src</Filter>
    </ClInclude>
    <ClInclude Include="..\src\Item.h">
      <Filter>source\src</Filter>
    </ClInclude>
    <ClInclude Include="..\src\Item.hpp">
      <Filter>source\src</Filter>
    </ClInclude>
    <ClInclude Include="..\src\ItemWindow.h">
      <Filter>source\src</Filter>
    </ClInclude>
    <ClInclude Include="..\src\Kaban.hpp">
      <Filter>source\src</Filter>
    </ClInclude>
    <ClInclude Include="..\src\LeftArrow.h">
      <Filter>source\src</Filter>
    </ClInclude>
    <ClInclude Include="..\src\MainLoop.hpp">
      <Filter>source\src</Filter>
    </ClInclude>
    <ClInclude Include="..\src\Maze.hpp">
      <Filter>source\src</Filter>
    </ClInclude>
    <ClInclude Include="..\src\Object.hpp">
      <Filter>source\src</Filter>
    </ClInclude>
    <ClInclude Include="..\src\Otoyoi.h">
      <Filter>source\src</Filter>
    </ClInclude>
    <ClInclude Include="..\src\Player.h">
      <Filter>source\src</Filter>
    </ClInclude>
    <ClInclude Include="..\src\Player.hpp">
      <Filter>source\src</Filter>
    </ClInclude>
    <ClInclude Include="..\src\Popup.hpp">
      <Filter>source\src</Filter>
    </ClInclude>
    <ClInclude Include="..\src\Resource.hpp">
      <Filter>source\src</Filter>
    </ClInclude>
    <ClInclude Include="..\src\Resume.hpp">
      <Filter>source\src</Filter>
    </ClInclude>
    <ClInclude Include="..\src\RightArrow.h">
      <Filter>source\src</Filter>
    </ClInclude>
    <ClInclude Include="..\src\Serval.hpp">
      <Filter>source\src</Filter>
    </ClInclude>
    <ClInclude Include="..\src\Shadow.h">
      <Filter>source\src</Filter>
    </ClInclude>
    <ClInclude Include="..\src\Sound.hpp">
      <Filter>source\src</Filter>
    </ClInclude>
    <ClInclude Include="..\src\StatusWindow.h">
      <Filter>source\src</Filter>
    </ClInclude>
    <ClInclude Include="..\src\TinyLibrary.hpp">
      <Filter>source\src</Filter>
    </ClInclude>
    <ClInclude Include="..\src\Tinyrogue_down001.h">
      <Filter>source\src</Filter>
    </ClInclude>
    <ClInclude Include="..\src\Tinyrogue_hit001.h">
      <Filter>source\src</Filter>
    </ClInclude>
    <ClInclude Include="..\src\Tinyrogue_open.h">
      <Filter>source\src</Filter>
    </ClInclude>
    <ClInclude Include="..\src\Title.h">
      <Filter>source\src</Filter>
    </ClInclude>
    <ClInclude Include="..\src\Title_en.h">
      <Filter>source\src</Filter>
    </ClInclude>
    <ClInclude Include="..\src\Toki.hpp">
      <Filter>source\src</Filter>
    </ClInclude>
    <ClInclude Include="..\src\Tsuchinoko.hpp">
      <Filter>source\src</Filter>
    </ClInclude>
    <ClInclude Include="..\src\TuchikureLogo.h">
      <Filter>source\src</Filter>
    </ClInclude>
    <ClInclude Include="..\src\Window.h">
      <Filter>source\src</Filter>
    </ClInclude>
  </ItemGroup>
  <ItemGroup>
    <ClCompile Include="..\src\TinyLibrary\AdpcmDecorder.cpp">
      <Filter>source\src\TinyLibrary</Filter>
    </ClCompile>
    <ClCompile Include="..\src\TinyLibrary\Mathmatics.cpp">
      <Filter>source\src\TinyLibrary</Filter>
    </ClCompile>
    <ClCompile Include="..\src\TinyLibrary\SoundMixer.cpp">
      <Filter>source\src\TinyLibrary</Filter>
    </ClCompile>
    <ClCompile Include="..\src\TinyLibrary\SoundPlayer.cpp">
      <Filter>source\src\TinyLibrary</Filter>
    </ClCompile>
    <ClCompile Include="..\src\TinyLibrary\Windows\Controller.cpp">
      <Filter>source\src\TinyLibrary\Windows</Filter>
    </ClCompile>
    <ClCompile Include="..\src\TinyLibrary\Windows\Screen.cpp">
      <Filter>source\src\TinyLibrary\Windows</Filter>
    </ClCompile>
    <ClCompile Include="..\src\TinyLibrary\Windows\SoundStream.cpp">
      <Filter>source\src\TinyLibrary\Windows</Filter>
    </ClCompile>
    <ClCompile Include="..\src\TinyLibrary\Windows\TinyFile.cpp">
      <Filter>source\src\TinyLibrary\Windows</Filter>
    </ClCompile>
    <ClCompile Include="..\src\TinyLibrary\Windows\WinMain.cpp">
      <Filter>source\src\TinyLibrary\Windows</Filter>
    </ClCompile>
    <ClCompile Include="..\src\Cerulean.cpp">
      <Filter>source\src</Filter>
    </ClCompile>
    <ClCompile Include="..\src\Ending.cpp">
      <Filter>source\src</Filter>
    </ClCompile>
    <ClCompile Include="..\src\Enemy.cpp">
      <Filter>source\src</Filter>
    </ClCompile>
    <ClCompile Include="..\src\FloorMap.cpp">
      <Filter>source\src</Filter>
    </ClCompile>
    <ClCompile Include="..\src\Game.cpp">
      <Filter>source\src</Filter>
    </ClCompile>
    <ClCompile Include="..\src\GameData.cpp">
      <Filter>source\src</Filter>
    </ClCompile>
    <ClCompile Include="..\src\Global.cpp">
      <Filter>source\src</Filter>
    </ClCompile>
    <ClCompile Include="..\src\Item.cpp">
      <Filter>source\src</Filter>
    </ClCompile>
    <ClCompile Include="..\src\Kaban.cpp">
      <Filter>source\src</Filter>
    </ClCompile>
    <ClCompile Include="..\src\MainLoop.cpp">
      <Filter>source\src</Filter>
    </ClCompile>
    <ClCompile Include="..\src\Maze.cpp">
      <Filter>source\src</Filter>
    </ClCompile>
    <ClCompile Include="..\src\Object.cpp">
      <Filter>source\src</Filter>
    </ClCompile>
    <ClCompile Include="..\src\Player.cpp">
      <Filter>source\src</Filter>
    </ClCompile>
    <ClCompile Include="..\src\Popup.cpp">
      <Filter>source\src</Filter>
    </ClCompile>
    <ClCompile Include="..\src\Resource.cpp">
      <Filter>source\src</Filter>
    </ClCompile>
    <ClCompile Include="..\src\Resume.cpp">
      <Filter>source\src</Filter>
    </ClCompile>
    <ClCompile Include="..\src\Serval.cpp">
      <Filter>source\src</Filter>
    </ClCompile>
    <ClCompile Include="..\src\Sound.cpp">
      <Filter>source\src</Filter>
    </ClCompile>
    <ClCompile Include="..\src\Toki.cpp">
      <Filter>source\src</Filter>
    </ClCompile>
    <ClCompile Include="..\src\Tsuchinoko.cpp">
      <Filter>source\src</Filter>
    </ClCompile>
  </ItemGroup>
  <ItemGroup>
    <ResourceCompile Include="..\src\TinyLibrary\Windows\WinMain.rc">
      <Filter>resource</Filter>
    </ResourceCompile>
  </ItemGroup>
</Project>